// !$*UTF8*$!
{
	archiveVersion = 1;
	classes = {
	};
	objectVersion = 50;
	objects = {

/* Begin PBXBuildFile section */
		2E702B422287999700B04D20 /* AppDelegate.swift in Sources */ = {isa = PBXBuildFile; fileRef = 2E702B412287999700B04D20 /* AppDelegate.swift */; };
		2E702B442287999700B04D20 /* ViewController.swift in Sources */ = {isa = PBXBuildFile; fileRef = 2E702B432287999700B04D20 /* ViewController.swift */; };
		2E702B472287999700B04D20 /* Main.storyboard in Resources */ = {isa = PBXBuildFile; fileRef = 2E702B452287999700B04D20 /* Main.storyboard */; };
		2E702B4A2287999700B04D20 /* SwapcardChallenge.xcdatamodeld in Sources */ = {isa = PBXBuildFile; fileRef = 2E702B482287999700B04D20 /* SwapcardChallenge.xcdatamodeld */; };
		2E702B4C2287999800B04D20 /* Assets.xcassets in Resources */ = {isa = PBXBuildFile; fileRef = 2E702B4B2287999800B04D20 /* Assets.xcassets */; };
		2E702B4F2287999800B04D20 /* LaunchScreen.storyboard in Resources */ = {isa = PBXBuildFile; fileRef = 2E702B4D2287999800B04D20 /* LaunchScreen.storyboard */; };
		2E702B5A2287999800B04D20 /* SwapcardChallengeTests.swift in Sources */ = {isa = PBXBuildFile; fileRef = 2E702B592287999800B04D20 /* SwapcardChallengeTests.swift */; };
		2EFF6D8322894C5300CE97CA /* MainTabBarController.swift in Sources */ = {isa = PBXBuildFile; fileRef = 2EFF6D8222894C5300CE97CA /* MainTabBarController.swift */; };
		2EFF6D8522894CCD00CE97CA /* UIHelper.swift in Sources */ = {isa = PBXBuildFile; fileRef = 2EFF6D8422894CCD00CE97CA /* UIHelper.swift */; };
		2EFF6D872289540500CE97CA /* UsersListVC.swift in Sources */ = {isa = PBXBuildFile; fileRef = 2EFF6D862289540500CE97CA /* UsersListVC.swift */; };
		2EFF6D8922895BC900CE97CA /* UserModelView.swift in Sources */ = {isa = PBXBuildFile; fileRef = 2EFF6D8822895BC900CE97CA /* UserModelView.swift */; };
		2EFF6D8B22895C5900CE97CA /* UserModel.swift in Sources */ = {isa = PBXBuildFile; fileRef = 2EFF6D8A22895C5900CE97CA /* UserModel.swift */; };
		2EFF6D8D22895FAE00CE97CA /* ApiService.swift in Sources */ = {isa = PBXBuildFile; fileRef = 2EFF6D8C22895FAE00CE97CA /* ApiService.swift */; };
		B5AC9D81EC7C4A706F3CC8C1 /* Pods_SwapcardChallengeTests.framework in Frameworks */ = {isa = PBXBuildFile; fileRef = A591D5D4C47AE7769EFDD84B /* Pods_SwapcardChallengeTests.framework */; };
		C54B29311C85DB02C05E9BB3 /* Pods_SwapcardChallenge.framework in Frameworks */ = {isa = PBXBuildFile; fileRef = 386687DE22FAE40E117F0B7E /* Pods_SwapcardChallenge.framework */; };
/* End PBXBuildFile section */

/* Begin PBXContainerItemProxy section */
		2E702B562287999800B04D20 /* PBXContainerItemProxy */ = {
			isa = PBXContainerItemProxy;
			containerPortal = 2E702B362287999700B04D20 /* Project object */;
			proxyType = 1;
			remoteGlobalIDString = 2E702B3D2287999700B04D20;
			remoteInfo = SwapcardChallenge;
		};
/* End PBXContainerItemProxy section */

/* Begin PBXFileReference section */
		2E702B3E2287999700B04D20 /* SwapcardChallenge.app */ = {isa = PBXFileReference; explicitFileType = wrapper.application; includeInIndex = 0; path = SwapcardChallenge.app; sourceTree = BUILT_PRODUCTS_DIR; };
		2E702B412287999700B04D20 /* AppDelegate.swift */ = {isa = PBXFileReference; lastKnownFileType = sourcecode.swift; path = AppDelegate.swift; sourceTree = "<group>"; };
		2E702B432287999700B04D20 /* ViewController.swift */ = {isa = PBXFileReference; lastKnownFileType = sourcecode.swift; path = ViewController.swift; sourceTree = "<group>"; };
		2E702B462287999700B04D20 /* Base */ = {isa = PBXFileReference; lastKnownFileType = file.storyboard; name = Base; path = Base.lproj/Main.storyboard; sourceTree = "<group>"; };
		2E702B492287999700B04D20 /* SwapcardChallenge.xcdatamodel */ = {isa = PBXFileReference; lastKnownFileType = wrapper.xcdatamodel; path = SwapcardChallenge.xcdatamodel; sourceTree = "<group>"; };
		2E702B4B2287999800B04D20 /* Assets.xcassets */ = {isa = PBXFileReference; lastKnownFileType = folder.assetcatalog; path = Assets.xcassets; sourceTree = "<group>"; };
		2E702B4E2287999800B04D20 /* Base */ = {isa = PBXFileReference; lastKnownFileType = file.storyboard; name = Base; path = Base.lproj/LaunchScreen.storyboard; sourceTree = "<group>"; };
		2E702B502287999800B04D20 /* Info.plist */ = {isa = PBXFileReference; lastKnownFileType = text.plist.xml; path = Info.plist; sourceTree = "<group>"; };
		2E702B552287999800B04D20 /* SwapcardChallengeTests.xctest */ = {isa = PBXFileReference; explicitFileType = wrapper.cfbundle; includeInIndex = 0; path = SwapcardChallengeTests.xctest; sourceTree = BUILT_PRODUCTS_DIR; };
		2E702B592287999800B04D20 /* SwapcardChallengeTests.swift */ = {isa = PBXFileReference; lastKnownFileType = sourcecode.swift; path = SwapcardChallengeTests.swift; sourceTree = "<group>"; };
		2E702B5B2287999800B04D20 /* Info.plist */ = {isa = PBXFileReference; lastKnownFileType = text.plist.xml; path = Info.plist; sourceTree = "<group>"; };
		2EFF6D8222894C5300CE97CA /* MainTabBarController.swift */ = {isa = PBXFileReference; lastKnownFileType = sourcecode.swift; path = MainTabBarController.swift; sourceTree = "<group>"; };
		2EFF6D8422894CCD00CE97CA /* UIHelper.swift */ = {isa = PBXFileReference; lastKnownFileType = sourcecode.swift; path = UIHelper.swift; sourceTree = "<group>"; };
		2EFF6D862289540500CE97CA /* UsersListVC.swift */ = {isa = PBXFileReference; lastKnownFileType = sourcecode.swift; path = UsersListVC.swift; sourceTree = "<group>"; };
		2EFF6D8822895BC900CE97CA /* UserModelView.swift */ = {isa = PBXFileReference; lastKnownFileType = sourcecode.swift; path = UserModelView.swift; sourceTree = "<group>"; };
		2EFF6D8A22895C5900CE97CA /* UserModel.swift */ = {isa = PBXFileReference; lastKnownFileType = sourcecode.swift; path = UserModel.swift; sourceTree = "<group>"; };
		2EFF6D8C22895FAE00CE97CA /* ApiService.swift */ = {isa = PBXFileReference; lastKnownFileType = sourcecode.swift; path = ApiService.swift; sourceTree = "<group>"; };
		306611F719DBFF7B08B90F55 /* Pods-SwapcardChallengeTests.release.xcconfig */ = {isa = PBXFileReference; includeInIndex = 1; lastKnownFileType = text.xcconfig; name = "Pods-SwapcardChallengeTests.release.xcconfig"; path = "Pods/Target Support Files/Pods-SwapcardChallengeTests/Pods-SwapcardChallengeTests.release.xcconfig"; sourceTree = "<group>"; };
		386687DE22FAE40E117F0B7E /* Pods_SwapcardChallenge.framework */ = {isa = PBXFileReference; explicitFileType = wrapper.framework; includeInIndex = 0; path = Pods_SwapcardChallenge.framework; sourceTree = BUILT_PRODUCTS_DIR; };
		4E478E498128EE1617669AD3 /* Pods-SwapcardChallenge.release.xcconfig */ = {isa = PBXFileReference; includeInIndex = 1; lastKnownFileType = text.xcconfig; name = "Pods-SwapcardChallenge.release.xcconfig"; path = "Pods/Target Support Files/Pods-SwapcardChallenge/Pods-SwapcardChallenge.release.xcconfig"; sourceTree = "<group>"; };
		55E203B3D2BA5C3D3DA70A9F /* Pods-SwapcardChallenge.debug.xcconfig */ = {isa = PBXFileReference; includeInIndex = 1; lastKnownFileType = text.xcconfig; name = "Pods-SwapcardChallenge.debug.xcconfig"; path = "Pods/Target Support Files/Pods-SwapcardChallenge/Pods-SwapcardChallenge.debug.xcconfig"; sourceTree = "<group>"; };
		A591D5D4C47AE7769EFDD84B /* Pods_SwapcardChallengeTests.framework */ = {isa = PBXFileReference; explicitFileType = wrapper.framework; includeInIndex = 0; path = Pods_SwapcardChallengeTests.framework; sourceTree = BUILT_PRODUCTS_DIR; };
		D557F6D3E016A9C583541C4D /* Pods-SwapcardChallengeTests.debug.xcconfig */ = {isa = PBXFileReference; includeInIndex = 1; lastKnownFileType = text.xcconfig; name = "Pods-SwapcardChallengeTests.debug.xcconfig"; path = "Pods/Target Support Files/Pods-SwapcardChallengeTests/Pods-SwapcardChallengeTests.debug.xcconfig"; sourceTree = "<group>"; };
/* End PBXFileReference section */

/* Begin PBXFrameworksBuildPhase section */
		2E702B3B2287999700B04D20 /* Frameworks */ = {
			isa = PBXFrameworksBuildPhase;
			buildActionMask = 2147483647;
			files = (
				C54B29311C85DB02C05E9BB3 /* Pods_SwapcardChallenge.framework in Frameworks */,
			);
			runOnlyForDeploymentPostprocessing = 0;
		};
		2E702B522287999800B04D20 /* Frameworks */ = {
			isa = PBXFrameworksBuildPhase;
			buildActionMask = 2147483647;
			files = (
				B5AC9D81EC7C4A706F3CC8C1 /* Pods_SwapcardChallengeTests.framework in Frameworks */,
			);
			runOnlyForDeploymentPostprocessing = 0;
		};
/* End PBXFrameworksBuildPhase section */

/* Begin PBXGroup section */
		2E702B352287999700B04D20 = {
			isa = PBXGroup;
			children = (
				2E702B402287999700B04D20 /* SwapcardChallenge */,
				2E702B582287999800B04D20 /* SwapcardChallengeTests */,
				2E702B3F2287999700B04D20 /* Products */,
				40B247D13FE896553D88F6AE /* Pods */,
				4FF89C01A475A3AE20646D1D /* Frameworks */,
			);
			sourceTree = "<group>";
		};
		2E702B3F2287999700B04D20 /* Products */ = {
			isa = PBXGroup;
			children = (
				2E702B3E2287999700B04D20 /* SwapcardChallenge.app */,
				2E702B552287999800B04D20 /* SwapcardChallengeTests.xctest */,
			);
			name = Products;
			sourceTree = "<group>";
		};
		2E702B402287999700B04D20 /* SwapcardChallenge */ = {
			isa = PBXGroup;
			children = (
				2E702B412287999700B04D20 /* AppDelegate.swift */,
				2E702B4B2287999800B04D20 /* Assets.xcassets */,
				2E702B452287999700B04D20 /* Main.storyboard */,
				2E702B4D2287999800B04D20 /* LaunchScreen.storyboard */,
				2EFF6D7E22894AF100CE97CA /* Classes */,
				2E702B502287999800B04D20 /* Info.plist */,
				2E702B482287999700B04D20 /* SwapcardChallenge.xcdatamodeld */,
			);
			path = SwapcardChallenge;
			sourceTree = "<group>";
		};
		2E702B582287999800B04D20 /* SwapcardChallengeTests */ = {
			isa = PBXGroup;
			children = (
				2E702B592287999800B04D20 /* SwapcardChallengeTests.swift */,
				2E702B5B2287999800B04D20 /* Info.plist */,
			);
			path = SwapcardChallengeTests;
			sourceTree = "<group>";
		};
		2EFF6D7A22894AC100CE97CA /* UIView */ = {
			isa = PBXGroup;
			children = (
			);
			path = UIView;
			sourceTree = "<group>";
		};
		2EFF6D7B22894ACB00CE97CA /* Controllers */ = {
			isa = PBXGroup;
			children = (
				2EFF6D8222894C5300CE97CA /* MainTabBarController.swift */,
				2EFF6D862289540500CE97CA /* UsersListVC.swift */,
				2E702B432287999700B04D20 /* ViewController.swift */,
			);
			path = Controllers;
			sourceTree = "<group>";
		};
		2EFF6D7C22894AD500CE97CA /* Services */ = {
			isa = PBXGroup;
			children = (
				2EFF6D8C22895FAE00CE97CA /* ApiService.swift */,
			);
			path = Services;
			sourceTree = "<group>";
		};
		2EFF6D7D22894AE500CE97CA /* Tools */ = {
			isa = PBXGroup;
			children = (
				2EFF6D8422894CCD00CE97CA /* UIHelper.swift */,
			);
			path = Tools;
			sourceTree = "<group>";
		};
		2EFF6D7E22894AF100CE97CA /* Classes */ = {
			isa = PBXGroup;
			children = (
				2EFF6D7A22894AC100CE97CA /* UIView */,
				2EFF6D7C22894AD500CE97CA /* Services */,
				2EFF6D7D22894AE500CE97CA /* Tools */,
				2EFF6D7B22894ACB00CE97CA /* Controllers */,
				2EFF6D7F22894B1400CE97CA /* Models */,
				2EFF6D8122894B2200CE97CA /* ViewModels */,
				2EFF6D8022894B1A00CE97CA /* Views */,
			);
			path = Classes;
			sourceTree = "<group>";
		};
		2EFF6D7F22894B1400CE97CA /* Models */ = {
			isa = PBXGroup;
			children = (
				2EFF6D8A22895C5900CE97CA /* UserModel.swift */,
			);
			path = Models;
			sourceTree = "<group>";
		};
		2EFF6D8022894B1A00CE97CA /* Views */ = {
			isa = PBXGroup;
			children = (
			);
			path = Views;
			sourceTree = "<group>";
		};
		2EFF6D8122894B2200CE97CA /* ViewModels */ = {
			isa = PBXGroup;
			children = (
				2EFF6D8822895BC900CE97CA /* UserModelView.swift */,
			);
			path = ViewModels;
			sourceTree = "<group>";
		};
		40B247D13FE896553D88F6AE /* Pods */ = {
			isa = PBXGroup;
			children = (
				55E203B3D2BA5C3D3DA70A9F /* Pods-SwapcardChallenge.debug.xcconfig */,
				4E478E498128EE1617669AD3 /* Pods-SwapcardChallenge.release.xcconfig */,
				D557F6D3E016A9C583541C4D /* Pods-SwapcardChallengeTests.debug.xcconfig */,
				306611F719DBFF7B08B90F55 /* Pods-SwapcardChallengeTests.release.xcconfig */,
			);
			name = Pods;
			sourceTree = "<group>";
		};
		4FF89C01A475A3AE20646D1D /* Frameworks */ = {
			isa = PBXGroup;
			children = (
				386687DE22FAE40E117F0B7E /* Pods_SwapcardChallenge.framework */,
				A591D5D4C47AE7769EFDD84B /* Pods_SwapcardChallengeTests.framework */,
			);
			name = Frameworks;
			sourceTree = "<group>";
		};
/* End PBXGroup section */

/* Begin PBXNativeTarget section */
		2E702B3D2287999700B04D20 /* SwapcardChallenge */ = {
			isa = PBXNativeTarget;
			buildConfigurationList = 2E702B5E2287999800B04D20 /* Build configuration list for PBXNativeTarget "SwapcardChallenge" */;
			buildPhases = (
				5CAA98F168FA5FD3A5F1FDFF /* [CP] Check Pods Manifest.lock */,
				2E702B3A2287999700B04D20 /* Sources */,
				2E702B3B2287999700B04D20 /* Frameworks */,
				2E702B3C2287999700B04D20 /* Resources */,
				1BD03311B80D436BCF4864FD /* [CP] Embed Pods Frameworks */,
			);
			buildRules = (
			);
			dependencies = (
			);
			name = SwapcardChallenge;
			productName = SwapcardChallenge;
			productReference = 2E702B3E2287999700B04D20 /* SwapcardChallenge.app */;
			productType = "com.apple.product-type.application";
		};
		2E702B542287999800B04D20 /* SwapcardChallengeTests */ = {
			isa = PBXNativeTarget;
			buildConfigurationList = 2E702B612287999800B04D20 /* Build configuration list for PBXNativeTarget "SwapcardChallengeTests" */;
			buildPhases = (
				F959EE9E06BA8E41A077A841 /* [CP] Check Pods Manifest.lock */,
				2E702B512287999800B04D20 /* Sources */,
				2E702B522287999800B04D20 /* Frameworks */,
				2E702B532287999800B04D20 /* Resources */,
			);
			buildRules = (
			);
			dependencies = (
				2E702B572287999800B04D20 /* PBXTargetDependency */,
			);
			name = SwapcardChallengeTests;
			productName = SwapcardChallengeTests;
			productReference = 2E702B552287999800B04D20 /* SwapcardChallengeTests.xctest */;
			productType = "com.apple.product-type.bundle.unit-test";
		};
/* End PBXNativeTarget section */

/* Begin PBXProject section */
		2E702B362287999700B04D20 /* Project object */ = {
			isa = PBXProject;
			attributes = {
				LastSwiftUpdateCheck = 1020;
				LastUpgradeCheck = 1020;
				ORGANIZATIONNAME = "Axel Droz";
				TargetAttributes = {
					2E702B3D2287999700B04D20 = {
						CreatedOnToolsVersion = 10.2.1;
					};
					2E702B542287999800B04D20 = {
						CreatedOnToolsVersion = 10.2.1;
						TestTargetID = 2E702B3D2287999700B04D20;
					};
				};
			};
			buildConfigurationList = 2E702B392287999700B04D20 /* Build configuration list for PBXProject "SwapcardChallenge" */;
			compatibilityVersion = "Xcode 9.3";
			developmentRegion = en;
			hasScannedForEncodings = 0;
			knownRegions = (
				en,
				Base,
			);
			mainGroup = 2E702B352287999700B04D20;
			productRefGroup = 2E702B3F2287999700B04D20 /* Products */;
			projectDirPath = "";
			projectRoot = "";
			targets = (
				2E702B3D2287999700B04D20 /* SwapcardChallenge */,
				2E702B542287999800B04D20 /* SwapcardChallengeTests */,
			);
		};
/* End PBXProject section */

/* Begin PBXResourcesBuildPhase section */
		2E702B3C2287999700B04D20 /* Resources */ = {
			isa = PBXResourcesBuildPhase;
			buildActionMask = 2147483647;
			files = (
				2E702B4F2287999800B04D20 /* LaunchScreen.storyboard in Resources */,
				2E702B4C2287999800B04D20 /* Assets.xcassets in Resources */,
				2E702B472287999700B04D20 /* Main.storyboard in Resources */,
			);
			runOnlyForDeploymentPostprocessing = 0;
		};
		2E702B532287999800B04D20 /* Resources */ = {
			isa = PBXResourcesBuildPhase;
			buildActionMask = 2147483647;
			files = (
			);
			runOnlyForDeploymentPostprocessing = 0;
		};
/* End PBXResourcesBuildPhase section */

/* Begin PBXShellScriptBuildPhase section */
		1BD03311B80D436BCF4864FD /* [CP] Embed Pods Frameworks */ = {
			isa = PBXShellScriptBuildPhase;
			buildActionMask = 2147483647;
			files = (
			);
			inputPaths = (
				"${SRCROOT}/Pods/Target Support Files/Pods-SwapcardChallenge/Pods-SwapcardChallenge-frameworks.sh",
				"${BUILT_PRODUCTS_DIR}/Nuke/Nuke.framework",
				"${BUILT_PRODUCTS_DIR}/Realm/Realm.framework",
				"${BUILT_PRODUCTS_DIR}/RealmSwift/RealmSwift.framework",
				"${BUILT_PRODUCTS_DIR}/SwiftyJSON/SwiftyJSON.framework",
			);
			name = "[CP] Embed Pods Frameworks";
			outputPaths = (
				"${TARGET_BUILD_DIR}/${FRAMEWORKS_FOLDER_PATH}/Nuke.framework",
				"${TARGET_BUILD_DIR}/${FRAMEWORKS_FOLDER_PATH}/Realm.framework",
				"${TARGET_BUILD_DIR}/${FRAMEWORKS_FOLDER_PATH}/RealmSwift.framework",
				"${TARGET_BUILD_DIR}/${FRAMEWORKS_FOLDER_PATH}/SwiftyJSON.framework",
			);
			runOnlyForDeploymentPostprocessing = 0;
			shellPath = /bin/sh;
			shellScript = "\"${SRCROOT}/Pods/Target Support Files/Pods-SwapcardChallenge/Pods-SwapcardChallenge-frameworks.sh\"\n";
			showEnvVarsInLog = 0;
		};
		5CAA98F168FA5FD3A5F1FDFF /* [CP] Check Pods Manifest.lock */ = {
			isa = PBXShellScriptBuildPhase;
			buildActionMask = 2147483647;
			files = (
			);
			inputPaths = (
				"${PODS_PODFILE_DIR_PATH}/Podfile.lock",
				"${PODS_ROOT}/Manifest.lock",
			);
			name = "[CP] Check Pods Manifest.lock";
			outputPaths = (
				"$(DERIVED_FILE_DIR)/Pods-SwapcardChallenge-checkManifestLockResult.txt",
			);
			runOnlyForDeploymentPostprocessing = 0;
			shellPath = /bin/sh;
			shellScript = "diff \"${PODS_PODFILE_DIR_PATH}/Podfile.lock\" \"${PODS_ROOT}/Manifest.lock\" > /dev/null\nif [ $? != 0 ] ; then\n    # print error to STDERR\n    echo \"error: The sandbox is not in sync with the Podfile.lock. Run 'pod install' or update your CocoaPods installation.\" >&2\n    exit 1\nfi\n# This output is used by Xcode 'outputs' to avoid re-running this script phase.\necho \"SUCCESS\" > \"${SCRIPT_OUTPUT_FILE_0}\"\n";
			showEnvVarsInLog = 0;
		};
		F959EE9E06BA8E41A077A841 /* [CP] Check Pods Manifest.lock */ = {
			isa = PBXShellScriptBuildPhase;
			buildActionMask = 2147483647;
			files = (
			);
			inputPaths = (
				"${PODS_PODFILE_DIR_PATH}/Podfile.lock",
				"${PODS_ROOT}/Manifest.lock",
			);
			name = "[CP] Check Pods Manifest.lock";
			outputPaths = (
				"$(DERIVED_FILE_DIR)/Pods-SwapcardChallengeTests-checkManifestLockResult.txt",
			);
			runOnlyForDeploymentPostprocessing = 0;
			shellPath = /bin/sh;
			shellScript = "diff \"${PODS_PODFILE_DIR_PATH}/Podfile.lock\" \"${PODS_ROOT}/Manifest.lock\" > /dev/null\nif [ $? != 0 ] ; then\n    # print error to STDERR\n    echo \"error: The sandbox is not in sync with the Podfile.lock. Run 'pod install' or update your CocoaPods installation.\" >&2\n    exit 1\nfi\n# This output is used by Xcode 'outputs' to avoid re-running this script phase.\necho \"SUCCESS\" > \"${SCRIPT_OUTPUT_FILE_0}\"\n";
			showEnvVarsInLog = 0;
		};
/* End PBXShellScriptBuildPhase section */

/* Begin PBXSourcesBuildPhase section */
		2E702B3A2287999700B04D20 /* Sources */ = {
			isa = PBXSourcesBuildPhase;
			buildActionMask = 2147483647;
			files = (
				2EFF6D8D22895FAE00CE97CA /* ApiService.swift in Sources */,
				2E702B4A2287999700B04D20 /* SwapcardChallenge.xcdatamodeld in Sources */,
				2EFF6D8922895BC900CE97CA /* UserModelView.swift in Sources */,
				2EFF6D8B22895C5900CE97CA /* UserModel.swift in Sources */,
				2EFF6D872289540500CE97CA /* UsersListVC.swift in Sources */,
				2E702B442287999700B04D20 /* ViewController.swift in Sources */,
				2EFF6D8322894C5300CE97CA /* MainTabBarController.swift in Sources */,
				2EFF6D8522894CCD00CE97CA /* UIHelper.swift in Sources */,
				2E702B422287999700B04D20 /* AppDelegate.swift in Sources */,
			);
			runOnlyForDeploymentPostprocessing = 0;
		};
		2E702B512287999800B04D20 /* Sources */ = {
			isa = PBXSourcesBuildPhase;
			buildActionMask = 2147483647;
			files = (
				2E702B5A2287999800B04D20 /* SwapcardChallengeTests.swift in Sources */,
			);
			runOnlyForDeploymentPostprocessing = 0;
		};
/* End PBXSourcesBuildPhase section */

/* Begin PBXTargetDependency section */
		2E702B572287999800B04D20 /* PBXTargetDependency */ = {
			isa = PBXTargetDependency;
			target = 2E702B3D2287999700B04D20 /* SwapcardChallenge */;
			targetProxy = 2E702B562287999800B04D20 /* PBXContainerItemProxy */;
		};
/* End PBXTargetDependency section */

/* Begin PBXVariantGroup section */
		2E702B452287999700B04D20 /* Main.storyboard */ = {
			isa = PBXVariantGroup;
			children = (
				2E702B462287999700B04D20 /* Base */,
			);
			name = Main.storyboard;
			sourceTree = "<group>";
		};
		2E702B4D2287999800B04D20 /* LaunchScreen.storyboard */ = {
			isa = PBXVariantGroup;
			children = (
				2E702B4E2287999800B04D20 /* Base */,
			);
			name = LaunchScreen.storyboard;
			sourceTree = "<group>";
		};
/* End PBXVariantGroup section */

/* Begin XCBuildConfiguration section */
		2E702B5C2287999800B04D20 /* Debug */ = {
			isa = XCBuildConfiguration;
			buildSettings = {
				ALWAYS_SEARCH_USER_PATHS = NO;
				CLANG_ANALYZER_NONNULL = YES;
				CLANG_ANALYZER_NUMBER_OBJECT_CONVERSION = YES_AGGRESSIVE;
				CLANG_CXX_LANGUAGE_STANDARD = "gnu++14";
				CLANG_CXX_LIBRARY = "libc++";
				CLANG_ENABLE_MODULES = YES;
				CLANG_ENABLE_OBJC_ARC = YES;
				CLANG_ENABLE_OBJC_WEAK = YES;
				CLANG_WARN_BLOCK_CAPTURE_AUTORELEASING = YES;
				CLANG_WARN_BOOL_CONVERSION = YES;
				CLANG_WARN_COMMA = YES;
				CLANG_WARN_CONSTANT_CONVERSION = YES;
				CLANG_WARN_DEPRECATED_OBJC_IMPLEMENTATIONS = YES;
				CLANG_WARN_DIRECT_OBJC_ISA_USAGE = YES_ERROR;
				CLANG_WARN_DOCUMENTATION_COMMENTS = YES;
				CLANG_WARN_EMPTY_BODY = YES;
				CLANG_WARN_ENUM_CONVERSION = YES;
				CLANG_WARN_INFINITE_RECURSION = YES;
				CLANG_WARN_INT_CONVERSION = YES;
				CLANG_WARN_NON_LITERAL_NULL_CONVERSION = YES;
				CLANG_WARN_OBJC_IMPLICIT_RETAIN_SELF = YES;
				CLANG_WARN_OBJC_LITERAL_CONVERSION = YES;
				CLANG_WARN_OBJC_ROOT_CLASS = YES_ERROR;
				CLANG_WARN_RANGE_LOOP_ANALYSIS = YES;
				CLANG_WARN_STRICT_PROTOTYPES = YES;
				CLANG_WARN_SUSPICIOUS_MOVE = YES;
				CLANG_WARN_UNGUARDED_AVAILABILITY = YES_AGGRESSIVE;
				CLANG_WARN_UNREACHABLE_CODE = YES;
				CLANG_WARN__DUPLICATE_METHOD_MATCH = YES;
				CODE_SIGN_IDENTITY = "iPhone Developer";
				COPY_PHASE_STRIP = NO;
				DEBUG_INFORMATION_FORMAT = dwarf;
				ENABLE_STRICT_OBJC_MSGSEND = YES;
				ENABLE_TESTABILITY = YES;
				GCC_C_LANGUAGE_STANDARD = gnu11;
				GCC_DYNAMIC_NO_PIC = NO;
				GCC_NO_COMMON_BLOCKS = YES;
				GCC_OPTIMIZATION_LEVEL = 0;
				GCC_PREPROCESSOR_DEFINITIONS = (
					"DEBUG=1",
					"$(inherited)",
				);
				GCC_WARN_64_TO_32_BIT_CONVERSION = YES;
				GCC_WARN_ABOUT_RETURN_TYPE = YES_ERROR;
				GCC_WARN_UNDECLARED_SELECTOR = YES;
				GCC_WARN_UNINITIALIZED_AUTOS = YES_AGGRESSIVE;
				GCC_WARN_UNUSED_FUNCTION = YES;
				GCC_WARN_UNUSED_VARIABLE = YES;
				IPHONEOS_DEPLOYMENT_TARGET = 12.2;
				MTL_ENABLE_DEBUG_INFO = INCLUDE_SOURCE;
				MTL_FAST_MATH = YES;
				ONLY_ACTIVE_ARCH = YES;
				SDKROOT = iphoneos;
				SWIFT_ACTIVE_COMPILATION_CONDITIONS = DEBUG;
				SWIFT_OPTIMIZATION_LEVEL = "-Onone";
			};
			name = Debug;
		};
		2E702B5D2287999800B04D20 /* Release */ = {
			isa = XCBuildConfiguration;
			buildSettings = {
				ALWAYS_SEARCH_USER_PATHS = NO;
				CLANG_ANALYZER_NONNULL = YES;
				CLANG_ANALYZER_NUMBER_OBJECT_CONVERSION = YES_AGGRESSIVE;
				CLANG_CXX_LANGUAGE_STANDARD = "gnu++14";
				CLANG_CXX_LIBRARY = "libc++";
				CLANG_ENABLE_MODULES = YES;
				CLANG_ENABLE_OBJC_ARC = YES;
				CLANG_ENABLE_OBJC_WEAK = YES;
				CLANG_WARN_BLOCK_CAPTURE_AUTORELEASING = YES;
				CLANG_WARN_BOOL_CONVERSION = YES;
				CLANG_WARN_COMMA = YES;
				CLANG_WARN_CONSTANT_CONVERSION = YES;
				CLANG_WARN_DEPRECATED_OBJC_IMPLEMENTATIONS = YES;
				CLANG_WARN_DIRECT_OBJC_ISA_USAGE = YES_ERROR;
				CLANG_WARN_DOCUMENTATION_COMMENTS = YES;
				CLANG_WARN_EMPTY_BODY = YES;
				CLANG_WARN_ENUM_CONVERSION = YES;
				CLANG_WARN_INFINITE_RECURSION = YES;
				CLANG_WARN_INT_CONVERSION = YES;
				CLANG_WARN_NON_LITERAL_NULL_CONVERSION = YES;
				CLANG_WARN_OBJC_IMPLICIT_RETAIN_SELF = YES;
				CLANG_WARN_OBJC_LITERAL_CONVERSION = YES;
				CLANG_WARN_OBJC_ROOT_CLASS = YES_ERROR;
				CLANG_WARN_RANGE_LOOP_ANALYSIS = YES;
				CLANG_WARN_STRICT_PROTOTYPES = YES;
				CLANG_WARN_SUSPICIOUS_MOVE = YES;
				CLANG_WARN_UNGUARDED_AVAILABILITY = YES_AGGRESSIVE;
				CLANG_WARN_UNREACHABLE_CODE = YES;
				CLANG_WARN__DUPLICATE_METHOD_MATCH = YES;
				CODE_SIGN_IDENTITY = "iPhone Developer";
				COPY_PHASE_STRIP = NO;
				DEBUG_INFORMATION_FORMAT = "dwarf-with-dsym";
				ENABLE_NS_ASSERTIONS = NO;
				ENABLE_STRICT_OBJC_MSGSEND = YES;
				GCC_C_LANGUAGE_STANDARD = gnu11;
				GCC_NO_COMMON_BLOCKS = YES;
				GCC_WARN_64_TO_32_BIT_CONVERSION = YES;
				GCC_WARN_ABOUT_RETURN_TYPE = YES_ERROR;
				GCC_WARN_UNDECLARED_SELECTOR = YES;
				GCC_WARN_UNINITIALIZED_AUTOS = YES_AGGRESSIVE;
				GCC_WARN_UNUSED_FUNCTION = YES;
				GCC_WARN_UNUSED_VARIABLE = YES;
				IPHONEOS_DEPLOYMENT_TARGET = 12.2;
				MTL_ENABLE_DEBUG_INFO = NO;
				MTL_FAST_MATH = YES;
				SDKROOT = iphoneos;
				SWIFT_COMPILATION_MODE = wholemodule;
				SWIFT_OPTIMIZATION_LEVEL = "-O";
				VALIDATE_PRODUCT = YES;
			};
			name = Release;
		};
		2E702B5F2287999800B04D20 /* Debug */ = {
			isa = XCBuildConfiguration;
			baseConfigurationReference = 55E203B3D2BA5C3D3DA70A9F /* Pods-SwapcardChallenge.debug.xcconfig */;
			buildSettings = {
				ASSETCATALOG_COMPILER_APPICON_NAME = AppIcon;
				CODE_SIGN_STYLE = Automatic;
				DEVELOPMENT_TEAM = SKZM34Z52F;
				INFOPLIST_FILE = SwapcardChallenge/Info.plist;
				LD_RUNPATH_SEARCH_PATHS = (
					"$(inherited)",
					"@executable_path/Frameworks",
				);
				PRODUCT_BUNDLE_IDENTIFIER = com.axeldroz.SwapcardChallenge;
				PRODUCT_NAME = "$(TARGET_NAME)";
				SWIFT_VERSION = 5.0;
				TARGETED_DEVICE_FAMILY = "1,2";
			};
			name = Debug;
		};
		2E702B602287999800B04D20 /* Release */ = {
			isa = XCBuildConfiguration;
			baseConfigurationReference = 4E478E498128EE1617669AD3 /* Pods-SwapcardChallenge.release.xcconfig */;
			buildSettings = {
				ASSETCATALOG_COMPILER_APPICON_NAME = AppIcon;
				CODE_SIGN_STYLE = Automatic;
				DEVELOPMENT_TEAM = SKZM34Z52F;
				INFOPLIST_FILE = SwapcardChallenge/Info.plist;
				LD_RUNPATH_SEARCH_PATHS = (
					"$(inherited)",
					"@executable_path/Frameworks",
				);
				PRODUCT_BUNDLE_IDENTIFIER = com.axeldroz.SwapcardChallenge;
				PRODUCT_NAME = "$(TARGET_NAME)";
				SWIFT_VERSION = 5.0;
				TARGETED_DEVICE_FAMILY = "1,2";
			};
			name = Release;
		};
		2E702B622287999800B04D20 /* Debug */ = {
			isa = XCBuildConfiguration;
			baseConfigurationReference = D557F6D3E016A9C583541C4D /* Pods-SwapcardChallengeTests.debug.xcconfig */;
			buildSettings = {
				ALWAYS_EMBED_SWIFT_STANDARD_LIBRARIES = YES;
				BUNDLE_LOADER = "$(TEST_HOST)";
				CODE_SIGN_STYLE = Automatic;
				DEVELOPMENT_TEAM = SKZM34Z52F;
				INFOPLIST_FILE = SwapcardChallengeTests/Info.plist;
				LD_RUNPATH_SEARCH_PATHS = (
					"$(inherited)",
					"@executable_path/Frameworks",
					"@loader_path/Frameworks",
				);
				PRODUCT_BUNDLE_IDENTIFIER = com.axeldroz.SwapcardChallengeTests;
				PRODUCT_NAME = "$(TARGET_NAME)";
				SWIFT_VERSION = 5.0;
				TARGETED_DEVICE_FAMILY = "1,2";
				TEST_HOST = "$(BUILT_PRODUCTS_DIR)/SwapcardChallenge.app/SwapcardChallenge";
			};
			name = Debug;
		};
		2E702B632287999800B04D20 /* Release */ = {
			isa = XCBuildConfiguration;
			baseConfigurationReference = 306611F719DBFF7B08B90F55 /* Pods-SwapcardChallengeTests.release.xcconfig */;
			buildSettings = {
				ALWAYS_EMBED_SWIFT_STANDARD_LIBRARIES = YES;
				BUNDLE_LOADER = "$(TEST_HOST)";
				CODE_SIGN_STYLE = Automatic;
				DEVELOPMENT_TEAM = SKZM34Z52F;
				INFOPLIST_FILE = SwapcardChallengeTests/Info.plist;
				LD_RUNPATH_SEARCH_PATHS = (
					"$(inherited)",
					"@executable_path/Frameworks",
					"@loader_path/Frameworks",
				);
				PRODUCT_BUNDLE_IDENTIFIER = com.axeldroz.SwapcardChallengeTests;
				PRODUCT_NAME = "$(TARGET_NAME)";
				SWIFT_VERSION = 5.0;
				TARGETED_DEVICE_FAMILY = "1,2";
				TEST_HOST = "$(BUILT_PRODUCTS_DIR)/SwapcardChallenge.app/SwapcardChallenge";
			};
			name = Release;
		};
/* End XCBuildConfiguration section */

/* Begin XCConfigurationList section */
		2E702B392287999700B04D20 /* Build configuration list for PBXProject "SwapcardChallenge" */ = {
			isa = XCConfigurationList;
			buildConfigurations = (
				2E702B5C2287999800B04D20 /* Debug */,
				2E702B5D2287999800B04D20 /* Release */,
			);
			defaultConfigurationIsVisible = 0;
			defaultConfigurationName = Release;
		};
		2E702B5E2287999800B04D20 /* Build configuration list for PBXNativeTarget "SwapcardChallenge" */ = {
			isa = XCConfigurationList;
			buildConfigurations = (
				2E702B5F2287999800B04D20 /* Debug */,
				2E702B602287999800B04D20 /* Release */,
			);
			defaultConfigurationIsVisible = 0;
			defaultConfigurationName = Release;
		};
		2E702B612287999800B04D20 /* Build configuration list for PBXNativeTarget "SwapcardChallengeTests" */ = {
			isa = XCConfigurationList;
			buildConfigurations = (
				2E702B622287999800B04D20 /* Debug */,
				2E702B632287999800B04D20 /* Release */,
			);
			defaultConfigurationIsVisible = 0;
			defaultConfigurationName = Release;
		};
/* End XCConfigurationList section */

/* Begin XCVersionGroup section */
		2E702B482287999700B04D20 /* SwapcardChallenge.xcdatamodeld */ = {
			isa = XCVersionGroup;
			children = (
				2E702B492287999700B04D20 /* SwapcardChallenge.xcdatamodel */,
			);
			currentVersion = 2E702B492287999700B04D20 /* SwapcardChallenge.xcdatamodel */;
			path = SwapcardChallenge.xcdatamodeld;
			sourceTree = "<group>";
			versionGroupType = wrapper.xcdatamodel;
		};
/* End XCVersionGroup section */
	};
	rootObject = 2E702B362287999700B04D20 /* Project object */;
}
